// !$*UTF8*$!
{
	archiveVersion = 1;
	classes = {
	};
	objectVersion = 56;
	objects = {

/* Begin PBXBuildFile section */
		BA6DAD5C28F628C700AA544F /* AppDelegate.swift in Sources */ = {isa = PBXBuildFile; fileRef = BA6DAD5B28F628C700AA544F /* AppDelegate.swift */; };
		BA6DAD5E28F628C700AA544F /* SceneDelegate.swift in Sources */ = {isa = PBXBuildFile; fileRef = BA6DAD5D28F628C700AA544F /* SceneDelegate.swift */; };
		BA6DAD6328F628C700AA544F /* Main.storyboard in Resources */ = {isa = PBXBuildFile; fileRef = BA6DAD6128F628C700AA544F /* Main.storyboard */; };
		BA6DAD6528F628C900AA544F /* Assets.xcassets in Resources */ = {isa = PBXBuildFile; fileRef = BA6DAD6428F628C900AA544F /* Assets.xcassets */; };
		BA6DAD6828F628C900AA544F /* LaunchScreen.storyboard in Resources */ = {isa = PBXBuildFile; fileRef = BA6DAD6628F628C900AA544F /* LaunchScreen.storyboard */; };
		BA6DAD7028F7078300AA544F /* AuthViewController.swift in Sources */ = {isa = PBXBuildFile; fileRef = BA6DAD6F28F7078300AA544F /* AuthViewController.swift */; };
		BAEE353628F7202500004183 /* sf-ui-display-black-58646a6b80d5a.otf in Resources */ = {isa = PBXBuildFile; fileRef = BAEE352E28F7202500004183 /* sf-ui-display-black-58646a6b80d5a.otf */; };
		BAEE353728F7202500004183 /* sf-ui-display-medium-58646be638f96.otf in Resources */ = {isa = PBXBuildFile; fileRef = BAEE352F28F7202500004183 /* sf-ui-display-medium-58646be638f96.otf */; };
		BAEE353828F7202500004183 /* sf-ui-display-ultralight-58646b19bf205.otf in Resources */ = {isa = PBXBuildFile; fileRef = BAEE353028F7202500004183 /* sf-ui-display-ultralight-58646b19bf205.otf */; };
		BAEE353928F7202500004183 /* sf-ui-display-heavy-586470160b9e5.otf in Resources */ = {isa = PBXBuildFile; fileRef = BAEE353128F7202500004183 /* sf-ui-display-heavy-586470160b9e5.otf */; };
		BAEE353A28F7202500004183 /* sf-ui-display-semibold-58646eddcae92.otf in Resources */ = {isa = PBXBuildFile; fileRef = BAEE353228F7202500004183 /* sf-ui-display-semibold-58646eddcae92.otf */; };
		BAEE353B28F7202500004183 /* sf-ui-display-thin-58646e9b26e8b.otf in Resources */ = {isa = PBXBuildFile; fileRef = BAEE353328F7202500004183 /* sf-ui-display-thin-58646e9b26e8b.otf */; };
		BAEE353C28F7202500004183 /* sf-ui-display-light-58646b33e0551.otf in Resources */ = {isa = PBXBuildFile; fileRef = BAEE353428F7202500004183 /* sf-ui-display-light-58646b33e0551.otf */; };
		BAEE353D28F7202500004183 /* sf-ui-display-bold-58646a511e3d9.otf in Resources */ = {isa = PBXBuildFile; fileRef = BAEE353528F7202500004183 /* sf-ui-display-bold-58646a511e3d9.otf */; };
		BAEE354328F8AC3F00004183 /* FriendsViewController.swift in Sources */ = {isa = PBXBuildFile; fileRef = BAEE354228F8AC3F00004183 /* FriendsViewController.swift */; };
		BAEE355028F8B42600004183 /* CustomTableViewCell.swift in Sources */ = {isa = PBXBuildFile; fileRef = BAEE354E28F8B42600004183 /* CustomTableViewCell.swift */; };
		BAEE355128F8B42600004183 /* CustomTableViewCell.xib in Resources */ = {isa = PBXBuildFile; fileRef = BAEE354F28F8B42600004183 /* CustomTableViewCell.xib */; };
/* End PBXBuildFile section */

/* Begin PBXFileReference section */
		BA6DAD5828F628C700AA544F /* StudyStoryBoardApp.app */ = {isa = PBXFileReference; explicitFileType = wrapper.application; includeInIndex = 0; path = StudyStoryBoardApp.app; sourceTree = BUILT_PRODUCTS_DIR; };
		BA6DAD5B28F628C700AA544F /* AppDelegate.swift */ = {isa = PBXFileReference; lastKnownFileType = sourcecode.swift; path = AppDelegate.swift; sourceTree = "<group>"; };
		BA6DAD5D28F628C700AA544F /* SceneDelegate.swift */ = {isa = PBXFileReference; lastKnownFileType = sourcecode.swift; path = SceneDelegate.swift; sourceTree = "<group>"; };
		BA6DAD6228F628C700AA544F /* Base */ = {isa = PBXFileReference; lastKnownFileType = file.storyboard; name = Base; path = Base.lproj/Main.storyboard; sourceTree = "<group>"; };
		BA6DAD6428F628C900AA544F /* Assets.xcassets */ = {isa = PBXFileReference; lastKnownFileType = folder.assetcatalog; path = Assets.xcassets; sourceTree = "<group>"; };
		BA6DAD6728F628C900AA544F /* Base */ = {isa = PBXFileReference; lastKnownFileType = file.storyboard; name = Base; path = Base.lproj/LaunchScreen.storyboard; sourceTree = "<group>"; };
		BA6DAD6928F628C900AA544F /* Info.plist */ = {isa = PBXFileReference; lastKnownFileType = text.plist.xml; path = Info.plist; sourceTree = "<group>"; };
		BA6DAD6F28F7078300AA544F /* AuthViewController.swift */ = {isa = PBXFileReference; lastKnownFileType = sourcecode.swift; path = AuthViewController.swift; sourceTree = "<group>"; };
		BAEE352E28F7202500004183 /* sf-ui-display-black-58646a6b80d5a.otf */ = {isa = PBXFileReference; lastKnownFileType = file; name = "sf-ui-display-black-58646a6b80d5a.otf"; path = "../../../../../../Other/Fonts/sf-ui-display-cufonfonts/sf-ui-display-black-58646a6b80d5a.otf"; sourceTree = "<group>"; };
		BAEE352F28F7202500004183 /* sf-ui-display-medium-58646be638f96.otf */ = {isa = PBXFileReference; lastKnownFileType = file; name = "sf-ui-display-medium-58646be638f96.otf"; path = "../../../../../../Other/Fonts/sf-ui-display-cufonfonts/sf-ui-display-medium-58646be638f96.otf"; sourceTree = "<group>"; };
		BAEE353028F7202500004183 /* sf-ui-display-ultralight-58646b19bf205.otf */ = {isa = PBXFileReference; lastKnownFileType = file; name = "sf-ui-display-ultralight-58646b19bf205.otf"; path = "../../../../../../Other/Fonts/sf-ui-display-cufonfonts/sf-ui-display-ultralight-58646b19bf205.otf"; sourceTree = "<group>"; };
		BAEE353128F7202500004183 /* sf-ui-display-heavy-586470160b9e5.otf */ = {isa = PBXFileReference; lastKnownFileType = file; name = "sf-ui-display-heavy-586470160b9e5.otf"; path = "../../../../../../Other/Fonts/sf-ui-display-cufonfonts/sf-ui-display-heavy-586470160b9e5.otf"; sourceTree = "<group>"; };
		BAEE353228F7202500004183 /* sf-ui-display-semibold-58646eddcae92.otf */ = {isa = PBXFileReference; lastKnownFileType = file; name = "sf-ui-display-semibold-58646eddcae92.otf"; path = "../../../../../../Other/Fonts/sf-ui-display-cufonfonts/sf-ui-display-semibold-58646eddcae92.otf"; sourceTree = "<group>"; };
		BAEE353328F7202500004183 /* sf-ui-display-thin-58646e9b26e8b.otf */ = {isa = PBXFileReference; lastKnownFileType = file; name = "sf-ui-display-thin-58646e9b26e8b.otf"; path = "../../../../../../Other/Fonts/sf-ui-display-cufonfonts/sf-ui-display-thin-58646e9b26e8b.otf"; sourceTree = "<group>"; };
		BAEE353428F7202500004183 /* sf-ui-display-light-58646b33e0551.otf */ = {isa = PBXFileReference; lastKnownFileType = file; name = "sf-ui-display-light-58646b33e0551.otf"; path = "../../../../../../Other/Fonts/sf-ui-display-cufonfonts/sf-ui-display-light-58646b33e0551.otf"; sourceTree = "<group>"; };
		BAEE353528F7202500004183 /* sf-ui-display-bold-58646a511e3d9.otf */ = {isa = PBXFileReference; lastKnownFileType = file; name = "sf-ui-display-bold-58646a511e3d9.otf"; path = "../../../../../../Other/Fonts/sf-ui-display-cufonfonts/sf-ui-display-bold-58646a511e3d9.otf"; sourceTree = "<group>"; };
		BAEE354228F8AC3F00004183 /* FriendsViewController.swift */ = {isa = PBXFileReference; lastKnownFileType = sourcecode.swift; path = FriendsViewController.swift; sourceTree = "<group>"; };
		BAEE354E28F8B42600004183 /* CustomTableViewCell.swift */ = {isa = PBXFileReference; lastKnownFileType = sourcecode.swift; path = CustomTableViewCell.swift; sourceTree = "<group>"; };
		BAEE354F28F8B42600004183 /* CustomTableViewCell.xib */ = {isa = PBXFileReference; lastKnownFileType = file.xib; path = CustomTableViewCell.xib; sourceTree = "<group>"; };
/* End PBXFileReference section */

/* Begin PBXFrameworksBuildPhase section */
		BA6DAD5528F628C700AA544F /* Frameworks */ = {
			isa = PBXFrameworksBuildPhase;
			buildActionMask = 2147483647;
			files = (
			);
			runOnlyForDeploymentPostprocessing = 0;
		};
/* End PBXFrameworksBuildPhase section */

/* Begin PBXGroup section */
		BA6DAD4F28F628C700AA544F = {
			isa = PBXGroup;
			children = (
				BA6DAD5A28F628C700AA544F /* StudyStoryBoardApp */,
				BA6DAD5928F628C700AA544F /* Products */,
			);
			sourceTree = "<group>";
		};
		BA6DAD5928F628C700AA544F /* Products */ = {
			isa = PBXGroup;
			children = (
				BA6DAD5828F628C700AA544F /* StudyStoryBoardApp.app */,
			);
			name = Products;
			sourceTree = "<group>";
		};
		BA6DAD5A28F628C700AA544F /* StudyStoryBoardApp */ = {
			isa = PBXGroup;
			children = (
				BAEE354028F89A3C00004183 /* Controllers */,
				BAEE353E28F8995900004183 /* Source */,
				BAEE352D28F7200100004183 /* Fonts */,
				BA6DAD6128F628C700AA544F /* Main.storyboard */,
				BA6DAD6428F628C900AA544F /* Assets.xcassets */,
			);
			path = StudyStoryBoardApp;
			sourceTree = "<group>";
		};
		BAEE352D28F7200100004183 /* Fonts */ = {
			isa = PBXGroup;
			children = (
				BAEE352E28F7202500004183 /* sf-ui-display-black-58646a6b80d5a.otf */,
				BAEE353528F7202500004183 /* sf-ui-display-bold-58646a511e3d9.otf */,
				BAEE353128F7202500004183 /* sf-ui-display-heavy-586470160b9e5.otf */,
				BAEE353428F7202500004183 /* sf-ui-display-light-58646b33e0551.otf */,
				BAEE352F28F7202500004183 /* sf-ui-display-medium-58646be638f96.otf */,
				BAEE353228F7202500004183 /* sf-ui-display-semibold-58646eddcae92.otf */,
				BAEE353328F7202500004183 /* sf-ui-display-thin-58646e9b26e8b.otf */,
				BAEE353028F7202500004183 /* sf-ui-display-ultralight-58646b19bf205.otf */,
			);
			path = Fonts;
			sourceTree = "<group>";
		};
		BAEE353E28F8995900004183 /* Source */ = {
			isa = PBXGroup;
			children = (
				BA6DAD5B28F628C700AA544F /* AppDelegate.swift */,
				BA6DAD5D28F628C700AA544F /* SceneDelegate.swift */,
				BA6DAD6628F628C900AA544F /* LaunchScreen.storyboard */,
				BA6DAD6928F628C900AA544F /* Info.plist */,
			);
			path = Source;
			sourceTree = "<group>";
		};
		BAEE353F28F89A1E00004183 /* AuthController */ = {
			isa = PBXGroup;
			children = (
				BA6DAD6F28F7078300AA544F /* AuthViewController.swift */,
			);
			path = AuthController;
			sourceTree = "<group>";
		};
		BAEE354028F89A3C00004183 /* Controllers */ = {
			isa = PBXGroup;
			children = (
				BAEE354D28F8B41400004183 /* CustomTableViewCell */,
				BAEE354128F8AC1500004183 /* FriendsController */,
				BAEE353F28F89A1E00004183 /* AuthController */,
			);
			path = Controllers;
			sourceTree = "<group>";
		};
		BAEE354128F8AC1500004183 /* FriendsController */ = {
			isa = PBXGroup;
			children = (
				BAEE354228F8AC3F00004183 /* FriendsViewController.swift */,
			);
			path = FriendsController;
			sourceTree = "<group>";
		};
		BAEE354D28F8B41400004183 /* CustomTableViewCell */ = {
			isa = PBXGroup;
			children = (
				BAEE354E28F8B42600004183 /* CustomTableViewCell.swift */,
				BAEE354F28F8B42600004183 /* CustomTableViewCell.xib */,
			);
			path = CustomTableViewCell;
			sourceTree = "<group>";
		};
/* End PBXGroup section */

/* Begin PBXNativeTarget section */
		BA6DAD5728F628C700AA544F /* StudyStoryBoardApp */ = {
			isa = PBXNativeTarget;
			buildConfigurationList = BA6DAD6C28F628C900AA544F /* Build configuration list for PBXNativeTarget "StudyStoryBoardApp" */;
			buildPhases = (
				BA6DAD5428F628C700AA544F /* Sources */,
				BA6DAD5528F628C700AA544F /* Frameworks */,
				BA6DAD5628F628C700AA544F /* Resources */,
			);
			buildRules = (
			);
			dependencies = (
			);
			name = StudyStoryBoardApp;
			productName = StudyStoryBoardApp;
			productReference = BA6DAD5828F628C700AA544F /* StudyStoryBoardApp.app */;
			productType = "com.apple.product-type.application";
		};
/* End PBXNativeTarget section */

/* Begin PBXProject section */
		BA6DAD5028F628C700AA544F /* Project object */ = {
			isa = PBXProject;
			attributes = {
				BuildIndependentTargetsInParallel = 1;
				LastSwiftUpdateCheck = 1400;
				LastUpgradeCheck = 1400;
				TargetAttributes = {
					BA6DAD5728F628C700AA544F = {
						CreatedOnToolsVersion = 14.0.1;
					};
				};
			};
			buildConfigurationList = BA6DAD5328F628C700AA544F /* Build configuration list for PBXProject "StudyStoryBoardApp" */;
			compatibilityVersion = "Xcode 14.0";
			developmentRegion = en;
			hasScannedForEncodings = 0;
			knownRegions = (
				en,
				Base,
			);
			mainGroup = BA6DAD4F28F628C700AA544F;
			productRefGroup = BA6DAD5928F628C700AA544F /* Products */;
			projectDirPath = "";
			projectRoot = "";
			targets = (
				BA6DAD5728F628C700AA544F /* StudyStoryBoardApp */,
			);
		};
/* End PBXProject section */

/* Begin PBXResourcesBuildPhase section */
		BA6DAD5628F628C700AA544F /* Resources */ = {
			isa = PBXResourcesBuildPhase;
			buildActionMask = 2147483647;
			files = (
				BAEE353C28F7202500004183 /* sf-ui-display-light-58646b33e0551.otf in Resources */,
				BA6DAD6828F628C900AA544F /* LaunchScreen.storyboard in Resources */,
				BAEE355128F8B42600004183 /* CustomTableViewCell.xib in Resources */,
				BAEE353B28F7202500004183 /* sf-ui-display-thin-58646e9b26e8b.otf in Resources */,
				BA6DAD6528F628C900AA544F /* Assets.xcassets in Resources */,
				BAEE353828F7202500004183 /* sf-ui-display-ultralight-58646b19bf205.otf in Resources */,
				BAEE353628F7202500004183 /* sf-ui-display-black-58646a6b80d5a.otf in Resources */,
				BA6DAD6328F628C700AA544F /* Main.storyboard in Resources */,
				BAEE353A28F7202500004183 /* sf-ui-display-semibold-58646eddcae92.otf in Resources */,
				BAEE353728F7202500004183 /* sf-ui-display-medium-58646be638f96.otf in Resources */,
				BAEE353D28F7202500004183 /* sf-ui-display-bold-58646a511e3d9.otf in Resources */,
				BAEE353928F7202500004183 /* sf-ui-display-heavy-586470160b9e5.otf in Resources */,
			);
			runOnlyForDeploymentPostprocessing = 0;
		};
/* End PBXResourcesBuildPhase section */

/* Begin PBXSourcesBuildPhase section */
		BA6DAD5428F628C700AA544F /* Sources */ = {
			isa = PBXSourcesBuildPhase;
			buildActionMask = 2147483647;
			files = (
				BAEE354328F8AC3F00004183 /* FriendsViewController.swift in Sources */,
				BAEE355028F8B42600004183 /* CustomTableViewCell.swift in Sources */,
				BA6DAD5C28F628C700AA544F /* AppDelegate.swift in Sources */,
				BA6DAD7028F7078300AA544F /* AuthViewController.swift in Sources */,
				BA6DAD5E28F628C700AA544F /* SceneDelegate.swift in Sources */,
			);
			runOnlyForDeploymentPostprocessing = 0;
		};
/* End PBXSourcesBuildPhase section */

/* Begin PBXVariantGroup section */
		BA6DAD6128F628C700AA544F /* Main.storyboard */ = {
			isa = PBXVariantGroup;
			children = (
				BA6DAD6228F628C700AA544F /* Base */,
			);
			name = Main.storyboard;
			sourceTree = "<group>";
		};
		BA6DAD6628F628C900AA544F /* LaunchScreen.storyboard */ = {
			isa = PBXVariantGroup;
			children = (
				BA6DAD6728F628C900AA544F /* Base */,
			);
			name = LaunchScreen.storyboard;
			sourceTree = "<group>";
		};
/* End PBXVariantGroup section */

/* Begin XCBuildConfiguration section */
		BA6DAD6A28F628C900AA544F /* Debug */ = {
			isa = XCBuildConfiguration;
			buildSettings = {
				ALWAYS_SEARCH_USER_PATHS = NO;
				CLANG_ANALYZER_NONNULL = YES;
				CLANG_ANALYZER_NUMBER_OBJECT_CONVERSION = YES_AGGRESSIVE;
				CLANG_CXX_LANGUAGE_STANDARD = "gnu++20";
				CLANG_ENABLE_MODULES = YES;
				CLANG_ENABLE_OBJC_ARC = YES;
				CLANG_ENABLE_OBJC_WEAK = YES;
				CLANG_WARN_BLOCK_CAPTURE_AUTORELEASING = YES;
				CLANG_WARN_BOOL_CONVERSION = YES;
				CLANG_WARN_COMMA = YES;
				CLANG_WARN_CONSTANT_CONVERSION = YES;
				CLANG_WARN_DEPRECATED_OBJC_IMPLEMENTATIONS = YES;
				CLANG_WARN_DIRECT_OBJC_ISA_USAGE = YES_ERROR;
				CLANG_WARN_DOCUMENTATION_COMMENTS = YES;
				CLANG_WARN_EMPTY_BODY = YES;
				CLANG_WARN_ENUM_CONVERSION = YES;
				CLANG_WARN_INFINITE_RECURSION = YES;
				CLANG_WARN_INT_CONVERSION = YES;
				CLANG_WARN_NON_LITERAL_NULL_CONVERSION = YES;
				CLANG_WARN_OBJC_IMPLICIT_RETAIN_SELF = YES;
				CLANG_WARN_OBJC_LITERAL_CONVERSION = YES;
				CLANG_WARN_OBJC_ROOT_CLASS = YES_ERROR;
				CLANG_WARN_QUOTED_INCLUDE_IN_FRAMEWORK_HEADER = YES;
				CLANG_WARN_RANGE_LOOP_ANALYSIS = YES;
				CLANG_WARN_STRICT_PROTOTYPES = YES;
				CLANG_WARN_SUSPICIOUS_MOVE = YES;
				CLANG_WARN_UNGUARDED_AVAILABILITY = YES_AGGRESSIVE;
				CLANG_WARN_UNREACHABLE_CODE = YES;
				CLANG_WARN__DUPLICATE_METHOD_MATCH = YES;
				COPY_PHASE_STRIP = NO;
				DEBUG_INFORMATION_FORMAT = dwarf;
				ENABLE_STRICT_OBJC_MSGSEND = YES;
				ENABLE_TESTABILITY = YES;
				GCC_C_LANGUAGE_STANDARD = gnu11;
				GCC_DYNAMIC_NO_PIC = NO;
				GCC_NO_COMMON_BLOCKS = YES;
				GCC_OPTIMIZATION_LEVEL = 0;
				GCC_PREPROCESSOR_DEFINITIONS = (
					"DEBUG=1",
					"$(inherited)",
				);
				GCC_WARN_64_TO_32_BIT_CONVERSION = YES;
				GCC_WARN_ABOUT_RETURN_TYPE = YES_ERROR;
				GCC_WARN_UNDECLARED_SELECTOR = YES;
				GCC_WARN_UNINITIALIZED_AUTOS = YES_AGGRESSIVE;
				GCC_WARN_UNUSED_FUNCTION = YES;
				GCC_WARN_UNUSED_VARIABLE = YES;
				IPHONEOS_DEPLOYMENT_TARGET = 16.0;
				MTL_ENABLE_DEBUG_INFO = INCLUDE_SOURCE;
				MTL_FAST_MATH = YES;
				ONLY_ACTIVE_ARCH = YES;
				SDKROOT = iphoneos;
				SWIFT_ACTIVE_COMPILATION_CONDITIONS = DEBUG;
				SWIFT_OPTIMIZATION_LEVEL = "-Onone";
			};
			name = Debug;
		};
		BA6DAD6B28F628C900AA544F /* Release */ = {
			isa = XCBuildConfiguration;
			buildSettings = {
				ALWAYS_SEARCH_USER_PATHS = NO;
				CLANG_ANALYZER_NONNULL = YES;
				CLANG_ANALYZER_NUMBER_OBJECT_CONVERSION = YES_AGGRESSIVE;
				CLANG_CXX_LANGUAGE_STANDARD = "gnu++20";
				CLANG_ENABLE_MODULES = YES;
				CLANG_ENABLE_OBJC_ARC = YES;
				CLANG_ENABLE_OBJC_WEAK = YES;
				CLANG_WARN_BLOCK_CAPTURE_AUTORELEASING = YES;
				CLANG_WARN_BOOL_CONVERSION = YES;
				CLANG_WARN_COMMA = YES;
				CLANG_WARN_CONSTANT_CONVERSION = YES;
				CLANG_WARN_DEPRECATED_OBJC_IMPLEMENTATIONS = YES;
				CLANG_WARN_DIRECT_OBJC_ISA_USAGE = YES_ERROR;
				CLANG_WARN_DOCUMENTATION_COMMENTS = YES;
				CLANG_WARN_EMPTY_BODY = YES;
				CLANG_WARN_ENUM_CONVERSION = YES;
				CLANG_WARN_INFINITE_RECURSION = YES;
				CLANG_WARN_INT_CONVERSION = YES;
				CLANG_WARN_NON_LITERAL_NULL_CONVERSION = YES;
				CLANG_WARN_OBJC_IMPLICIT_RETAIN_SELF = YES;
				CLANG_WARN_OBJC_LITERAL_CONVERSION = YES;
				CLANG_WARN_OBJC_ROOT_CLASS = YES_ERROR;
				CLANG_WARN_QUOTED_INCLUDE_IN_FRAMEWORK_HEADER = YES;
				CLANG_WARN_RANGE_LOOP_ANALYSIS = YES;
				CLANG_WARN_STRICT_PROTOTYPES = YES;
				CLANG_WARN_SUSPICIOUS_MOVE = YES;
				CLANG_WARN_UNGUARDED_AVAILABILITY = YES_AGGRESSIVE;
				CLANG_WARN_UNREACHABLE_CODE = YES;
				CLANG_WARN__DUPLICATE_METHOD_MATCH = YES;
				COPY_PHASE_STRIP = NO;
				DEBUG_INFORMATION_FORMAT = "dwarf-with-dsym";
				ENABLE_NS_ASSERTIONS = NO;
				ENABLE_STRICT_OBJC_MSGSEND = YES;
				GCC_C_LANGUAGE_STANDARD = gnu11;
				GCC_NO_COMMON_BLOCKS = YES;
				GCC_WARN_64_TO_32_BIT_CONVERSION = YES;
				GCC_WARN_ABOUT_RETURN_TYPE = YES_ERROR;
				GCC_WARN_UNDECLARED_SELECTOR = YES;
				GCC_WARN_UNINITIALIZED_AUTOS = YES_AGGRESSIVE;
				GCC_WARN_UNUSED_FUNCTION = YES;
				GCC_WARN_UNUSED_VARIABLE = YES;
				IPHONEOS_DEPLOYMENT_TARGET = 16.0;
				MTL_ENABLE_DEBUG_INFO = NO;
				MTL_FAST_MATH = YES;
				SDKROOT = iphoneos;
				SWIFT_COMPILATION_MODE = wholemodule;
				SWIFT_OPTIMIZATION_LEVEL = "-O";
				VALIDATE_PRODUCT = YES;
			};
			name = Release;
		};
		BA6DAD6D28F628C900AA544F /* Debug */ = {
			isa = XCBuildConfiguration;
			buildSettings = {
				ASSETCATALOG_COMPILER_APPICON_NAME = AppIcon;
				ASSETCATALOG_COMPILER_GLOBAL_ACCENT_COLOR_NAME = AccentColor;
				CODE_SIGN_STYLE = Automatic;
				CURRENT_PROJECT_VERSION = 1;
				DEVELOPMENT_TEAM = VQ2Z999482;
				GENERATE_INFOPLIST_FILE = YES;
				INFOPLIST_FILE = StudyStoryBoardApp/Source/Info.plist;
				INFOPLIST_KEY_CFBundleDisplayName = VKapp;
				INFOPLIST_KEY_LSApplicationCategoryType = "public.app-category.social-networking";
				INFOPLIST_KEY_UIApplicationSupportsIndirectInputEvents = YES;
				INFOPLIST_KEY_UILaunchStoryboardName = LaunchScreen;
				INFOPLIST_KEY_UIMainStoryboardFile = Main;
				INFOPLIST_KEY_UISupportedInterfaceOrientations_iPad = "UIInterfaceOrientationPortrait UIInterfaceOrientationPortraitUpsideDown UIInterfaceOrientationLandscapeLeft UIInterfaceOrientationLandscapeRight";
				INFOPLIST_KEY_UISupportedInterfaceOrientations_iPhone = "UIInterfaceOrientationPortrait UIInterfaceOrientationLandscapeLeft UIInterfaceOrientationLandscapeRight";
				LD_RUNPATH_SEARCH_PATHS = (
					"$(inherited)",
					"@executable_path/Frameworks",
				);
				MARKETING_VERSION = 1.0;
				PRODUCT_BUNDLE_IDENTIFIER = "Andrey-Volkov.StudyStoryBoardApp";
				PRODUCT_NAME = "$(TARGET_NAME)";
				SWIFT_EMIT_LOC_STRINGS = YES;
				SWIFT_VERSION = 5.0;
				TARGETED_DEVICE_FAMILY = "1,2";
			};
			name = Debug;
		};
		BA6DAD6E28F628C900AA544F /* Release */ = {
			isa = XCBuildConfiguration;
			buildSettings = {
				ASSETCATALOG_COMPILER_APPICON_NAME = AppIcon;
				ASSETCATALOG_COMPILER_GLOBAL_ACCENT_COLOR_NAME = AccentColor;
				CODE_SIGN_STYLE = Automatic;
				CURRENT_PROJECT_VERSION = 1;
				DEVELOPMENT_TEAM = VQ2Z999482;
				GENERATE_INFOPLIST_FILE = YES;
				INFOPLIST_FILE = StudyStoryBoardApp/Source/Info.plist;
				INFOPLIST_KEY_CFBundleDisplayName = VKapp;
				INFOPLIST_KEY_LSApplicationCategoryType = "public.app-category.social-networking";
				INFOPLIST_KEY_UIApplicationSupportsIndirectInputEvents = YES;
				INFOPLIST_KEY_UILaunchStoryboardName = LaunchScreen;
				INFOPLIST_KEY_UIMainStoryboardFile = Main;
				INFOPLIST_KEY_UISupportedInterfaceOrientations_iPad = "UIInterfaceOrientationPortrait UIInterfaceOrientationPortraitUpsideDown UIInterfaceOrientationLandscapeLeft UIInterfaceOrientationLandscapeRight";
				INFOPLIST_KEY_UISupportedInterfaceOrientations_iPhone = "UIInterfaceOrientationPortrait UIInterfaceOrientationLandscapeLeft UIInterfaceOrientationLandscapeRight";
				LD_RUNPATH_SEARCH_PATHS = (
					"$(inherited)",
					"@executable_path/Frameworks",
				);
				MARKETING_VERSION = 1.0;
				PRODUCT_BUNDLE_IDENTIFIER = "Andrey-Volkov.StudyStoryBoardApp";
				PRODUCT_NAME = "$(TARGET_NAME)";
				SWIFT_EMIT_LOC_STRINGS = YES;
				SWIFT_VERSION = 5.0;
				TARGETED_DEVICE_FAMILY = "1,2";
			};
			name = Release;
		};
/* End XCBuildConfiguration section */

/* Begin XCConfigurationList section */
		BA6DAD5328F628C700AA544F /* Build configuration list for PBXProject "StudyStoryBoardApp" */ = {
			isa = XCConfigurationList;
			buildConfigurations = (
				BA6DAD6A28F628C900AA544F /* Debug */,
				BA6DAD6B28F628C900AA544F /* Release */,
			);
			defaultConfigurationIsVisible = 0;
			defaultConfigurationName = Release;
		};
		BA6DAD6C28F628C900AA544F /* Build configuration list for PBXNativeTarget "StudyStoryBoardApp" */ = {
			isa = XCConfigurationList;
			buildConfigurations = (
				BA6DAD6D28F628C900AA544F /* Debug */,
				BA6DAD6E28F628C900AA544F /* Release */,
			);
			defaultConfigurationIsVisible = 0;
			defaultConfigurationName = Release;
		};
/* End XCConfigurationList section */
	};
	rootObject = BA6DAD5028F628C700AA544F /* Project object */;
}
