// !$*UTF8*$!
{
	archiveVersion = 1;
	classes = {
	};
	objectVersion = 56;
	objects = {

/* Begin PBXBuildFile section */
		BA04257229708B26002E4A26 /* Alamofire in Frameworks */ = {isa = PBXBuildFile; productRef = BA04257129708B26002E4A26 /* Alamofire */; };
		BA11CBA52969D4A20006CB7A /* MessageViewController.swift in Sources */ = {isa = PBXBuildFile; fileRef = BA11CBA42969D4A20006CB7A /* MessageViewController.swift */; };
		BA11CBA82969FA8C0006CB7A /* ShowPhotoViewController.swift in Sources */ = {isa = PBXBuildFile; fileRef = BA11CBA72969FA8C0006CB7A /* ShowPhotoViewController.swift */; };
		BA11CBAB2969FB000006CB7A /* ShowImageCollectionViewCell.swift in Sources */ = {isa = PBXBuildFile; fileRef = BA11CBA92969FB000006CB7A /* ShowImageCollectionViewCell.swift */; };
		BA11CBAC2969FB000006CB7A /* ShowImageCollectionViewCell.xib in Resources */ = {isa = PBXBuildFile; fileRef = BA11CBAA2969FB000006CB7A /* ShowImageCollectionViewCell.xib */; };
		BA6DAD5C28F628C700AA544F /* AppDelegate.swift in Sources */ = {isa = PBXBuildFile; fileRef = BA6DAD5B28F628C700AA544F /* AppDelegate.swift */; };
		BA6DAD5E28F628C700AA544F /* SceneDelegate.swift in Sources */ = {isa = PBXBuildFile; fileRef = BA6DAD5D28F628C700AA544F /* SceneDelegate.swift */; };
		BA6DAD6328F628C700AA544F /* Main.storyboard in Resources */ = {isa = PBXBuildFile; fileRef = BA6DAD6128F628C700AA544F /* Main.storyboard */; };
		BA6DAD6528F628C900AA544F /* Assets.xcassets in Resources */ = {isa = PBXBuildFile; fileRef = BA6DAD6428F628C900AA544F /* Assets.xcassets */; };
		BA6DAD6828F628C900AA544F /* LaunchScreen.storyboard in Resources */ = {isa = PBXBuildFile; fileRef = BA6DAD6628F628C900AA544F /* LaunchScreen.storyboard */; };
		BA6DAD7028F7078300AA544F /* AuthViewController.swift in Sources */ = {isa = PBXBuildFile; fileRef = BA6DAD6F28F7078300AA544F /* AuthViewController.swift */; };
		BA89D1FB29118F5200D88D61 /* NewsfeedViewController.swift in Sources */ = {isa = PBXBuildFile; fileRef = BA89D1FA29118F5200D88D61 /* NewsfeedViewController.swift */; };
		BA89D1FE29118FE900D88D61 /* PostTableViewCell.swift in Sources */ = {isa = PBXBuildFile; fileRef = BA89D1FC29118FE900D88D61 /* PostTableViewCell.swift */; };
		BA89D1FF29118FE900D88D61 /* PostTableViewCell.xib in Resources */ = {isa = PBXBuildFile; fileRef = BA89D1FD29118FE900D88D61 /* PostTableViewCell.xib */; };
		BA93AD48297AB32E0079225C /* UpdateLikes.swift in Sources */ = {isa = PBXBuildFile; fileRef = BA93AD47297AB32E0079225C /* UpdateLikes.swift */; };
		BA93AD4C297D977B0079225C /* NewsfeedPost.swift in Sources */ = {isa = PBXBuildFile; fileRef = BA93AD4B297D977B0079225C /* NewsfeedPost.swift */; };
		BA948C8E296C9CF60038415F /* Singleton.swift in Sources */ = {isa = PBXBuildFile; fileRef = BA948C8D296C9CF60038415F /* Singleton.swift */; };
		BABC4377290D406D00FCD98F /* RegistrationViewController.swift in Sources */ = {isa = PBXBuildFile; fileRef = BABC4376290D406D00FCD98F /* RegistrationViewController.swift */; };
		BABC437A290D4D9D00FCD98F /* Profile.swift in Sources */ = {isa = PBXBuildFile; fileRef = BABC4379290D4D9D00FCD98F /* Profile.swift */; };
		BABC4380290D73CF00FCD98F /* CustomButton.swift in Sources */ = {isa = PBXBuildFile; fileRef = BABC437F290D73CF00FCD98F /* CustomButton.swift */; };
		BABC43C5290EDD3400FCD98F /* Fontfabric - MullerHeavyItalic.otf in Resources */ = {isa = PBXBuildFile; fileRef = BABC43B1290EDD3400FCD98F /* Fontfabric - MullerHeavyItalic.otf */; };
		BABC43C6290EDD3400FCD98F /* Fontfabric - MullerLightItalic.otf in Resources */ = {isa = PBXBuildFile; fileRef = BABC43B2290EDD3400FCD98F /* Fontfabric - MullerLightItalic.otf */; };
		BABC43C7290EDD3400FCD98F /* Fontfabric - MullerHeavy.otf in Resources */ = {isa = PBXBuildFile; fileRef = BABC43B3290EDD3400FCD98F /* Fontfabric - MullerHeavy.otf */; };
		BABC43C8290EDD3400FCD98F /* Fontfabric - MullerExtraBold.otf in Resources */ = {isa = PBXBuildFile; fileRef = BABC43B4290EDD3400FCD98F /* Fontfabric - MullerExtraBold.otf */; };
		BABC43C9290EDD3400FCD98F /* Fontfabric - MullerRegularItalic.otf in Resources */ = {isa = PBXBuildFile; fileRef = BABC43B5290EDD3400FCD98F /* Fontfabric - MullerRegularItalic.otf */; };
		BABC43CA290EDD3400FCD98F /* Fontfabric - MullerHairlineItalic.otf in Resources */ = {isa = PBXBuildFile; fileRef = BABC43B6290EDD3400FCD98F /* Fontfabric - MullerHairlineItalic.otf */; };
		BABC43CB290EDD3400FCD98F /* Fontfabric - MullerUltraLight.otf in Resources */ = {isa = PBXBuildFile; fileRef = BABC43B7290EDD3400FCD98F /* Fontfabric - MullerUltraLight.otf */; };
		BABC43CC290EDD3400FCD98F /* Fontfabric - MullerHairline.otf in Resources */ = {isa = PBXBuildFile; fileRef = BABC43B8290EDD3400FCD98F /* Fontfabric - MullerHairline.otf */; };
		BABC43CD290EDD3400FCD98F /* Fontfabric - MullerThinItalic.otf in Resources */ = {isa = PBXBuildFile; fileRef = BABC43B9290EDD3400FCD98F /* Fontfabric - MullerThinItalic.otf */; };
		BABC43CE290EDD3400FCD98F /* Fontfabric - MullerBlackItalic.otf in Resources */ = {isa = PBXBuildFile; fileRef = BABC43BA290EDD3400FCD98F /* Fontfabric - MullerBlackItalic.otf */; };
		BABC43CF290EDD3400FCD98F /* Fontfabric - MullerBoldItalic.otf in Resources */ = {isa = PBXBuildFile; fileRef = BABC43BB290EDD3400FCD98F /* Fontfabric - MullerBoldItalic.otf */; };
		BABC43D0290EDD3400FCD98F /* Fontfabric - MullerMediumItalic.otf in Resources */ = {isa = PBXBuildFile; fileRef = BABC43BC290EDD3400FCD98F /* Fontfabric - MullerMediumItalic.otf */; };
		BABC43D1290EDD3400FCD98F /* Fontfabric - MullerLight.otf in Resources */ = {isa = PBXBuildFile; fileRef = BABC43BD290EDD3400FCD98F /* Fontfabric - MullerLight.otf */; };
		BABC43D2290EDD3400FCD98F /* Fontfabric - MullerBold.otf in Resources */ = {isa = PBXBuildFile; fileRef = BABC43BE290EDD3400FCD98F /* Fontfabric - MullerBold.otf */; };
		BABC43D3290EDD3400FCD98F /* Fontfabric - MullerBlack.otf in Resources */ = {isa = PBXBuildFile; fileRef = BABC43BF290EDD3400FCD98F /* Fontfabric - MullerBlack.otf */; };
		BABC43D4290EDD3400FCD98F /* Fontfabric - MullerUltraLightItalic.otf in Resources */ = {isa = PBXBuildFile; fileRef = BABC43C0290EDD3400FCD98F /* Fontfabric - MullerUltraLightItalic.otf */; };
		BABC43D5290EDD3400FCD98F /* Fontfabric - MullerExtraBoldItalic.otf in Resources */ = {isa = PBXBuildFile; fileRef = BABC43C1290EDD3400FCD98F /* Fontfabric - MullerExtraBoldItalic.otf */; };
		BABC43D6290EDD3400FCD98F /* Fontfabric - MullerThin.otf in Resources */ = {isa = PBXBuildFile; fileRef = BABC43C2290EDD3400FCD98F /* Fontfabric - MullerThin.otf */; };
		BABC43D7290EDD3400FCD98F /* Fontfabric - MullerRegular.otf in Resources */ = {isa = PBXBuildFile; fileRef = BABC43C3290EDD3400FCD98F /* Fontfabric - MullerRegular.otf */; };
		BABC43D8290EDD3400FCD98F /* Fontfabric - MullerMedium.otf in Resources */ = {isa = PBXBuildFile; fileRef = BABC43C4290EDD3400FCD98F /* Fontfabric - MullerMedium.otf */; };
		BADB89D32976470D0036BB30 /* ServiseAPI.swift in Sources */ = {isa = PBXBuildFile; fileRef = BADB89D22976470D0036BB30 /* ServiseAPI.swift */; };
		BADB89D529769FCB0036BB30 /* PhotosUser.swift in Sources */ = {isa = PBXBuildFile; fileRef = BADB89D429769FCB0036BB30 /* PhotosUser.swift */; };
		BADB89D72978C0120036BB30 /* Wall.swift in Sources */ = {isa = PBXBuildFile; fileRef = BADB89D62978C0120036BB30 /* Wall.swift */; };
		BAEE353628F7202500004183 /* sf-ui-display-black-58646a6b80d5a.otf in Resources */ = {isa = PBXBuildFile; fileRef = BAEE352E28F7202500004183 /* sf-ui-display-black-58646a6b80d5a.otf */; };
		BAEE353728F7202500004183 /* sf-ui-display-medium-58646be638f96.otf in Resources */ = {isa = PBXBuildFile; fileRef = BAEE352F28F7202500004183 /* sf-ui-display-medium-58646be638f96.otf */; };
		BAEE353828F7202500004183 /* sf-ui-display-ultralight-58646b19bf205.otf in Resources */ = {isa = PBXBuildFile; fileRef = BAEE353028F7202500004183 /* sf-ui-display-ultralight-58646b19bf205.otf */; };
		BAEE353928F7202500004183 /* sf-ui-display-heavy-586470160b9e5.otf in Resources */ = {isa = PBXBuildFile; fileRef = BAEE353128F7202500004183 /* sf-ui-display-heavy-586470160b9e5.otf */; };
		BAEE353A28F7202500004183 /* sf-ui-display-semibold-58646eddcae92.otf in Resources */ = {isa = PBXBuildFile; fileRef = BAEE353228F7202500004183 /* sf-ui-display-semibold-58646eddcae92.otf */; };
		BAEE353B28F7202500004183 /* sf-ui-display-thin-58646e9b26e8b.otf in Resources */ = {isa = PBXBuildFile; fileRef = BAEE353328F7202500004183 /* sf-ui-display-thin-58646e9b26e8b.otf */; };
		BAEE353C28F7202500004183 /* sf-ui-display-light-58646b33e0551.otf in Resources */ = {isa = PBXBuildFile; fileRef = BAEE353428F7202500004183 /* sf-ui-display-light-58646b33e0551.otf */; };
		BAEE353D28F7202500004183 /* sf-ui-display-bold-58646a511e3d9.otf in Resources */ = {isa = PBXBuildFile; fileRef = BAEE353528F7202500004183 /* sf-ui-display-bold-58646a511e3d9.otf */; };
		BAEE354328F8AC3F00004183 /* FriendsViewController.swift in Sources */ = {isa = PBXBuildFile; fileRef = BAEE354228F8AC3F00004183 /* FriendsViewController.swift */; };
		BAEE355028F8B42600004183 /* CustomTableViewCell.swift in Sources */ = {isa = PBXBuildFile; fileRef = BAEE354E28F8B42600004183 /* CustomTableViewCell.swift */; };
		BAEE355128F8B42600004183 /* CustomTableViewCell.xib in Resources */ = {isa = PBXBuildFile; fileRef = BAEE354F28F8B42600004183 /* CustomTableViewCell.xib */; };
		BAEE355728F9789A00004183 /* CustomCollectionViewCell.swift in Sources */ = {isa = PBXBuildFile; fileRef = BAEE355528F9789A00004183 /* CustomCollectionViewCell.swift */; };
		BAEE355828F9789A00004183 /* CustomCollectionViewCell.xib in Resources */ = {isa = PBXBuildFile; fileRef = BAEE355628F9789A00004183 /* CustomCollectionViewCell.xib */; };
		BAEE355A28F9806200004183 /* AlbumUserViewController.swift in Sources */ = {isa = PBXBuildFile; fileRef = BAEE355928F9806200004183 /* AlbumUserViewController.swift */; };
		BAEE355E28F993D200004183 /* GroupViewController.swift in Sources */ = {isa = PBXBuildFile; fileRef = BAEE355D28F993D200004183 /* GroupViewController.swift */; };
		BAEE356028F993DB00004183 /* SearchViewController.swift in Sources */ = {isa = PBXBuildFile; fileRef = BAEE355F28F993DB00004183 /* SearchViewController.swift */; };
		BAEE356328F9C00000004183 /* Group.swift in Sources */ = {isa = PBXBuildFile; fileRef = BAEE356228F9C00000004183 /* Group.swift */; };
		BAF408D7297FBA5700E630D2 /* Response<T>.swift in Sources */ = {isa = PBXBuildFile; fileRef = BAF408D6297FBA5700E630D2 /* Response<T>.swift */; };
		BAFAEE9F297A2608001F5256 /* SDWebImage in Frameworks */ = {isa = PBXBuildFile; productRef = BAFAEE9E297A2608001F5256 /* SDWebImage */; };
		BAFAEEA1297A2608001F5256 /* SDWebImageMapKit in Frameworks */ = {isa = PBXBuildFile; productRef = BAFAEEA0297A2608001F5256 /* SDWebImageMapKit */; };
/* End PBXBuildFile section */

/* Begin PBXFileReference section */
		BA11CBA42969D4A20006CB7A /* MessageViewController.swift */ = {isa = PBXFileReference; lastKnownFileType = sourcecode.swift; path = MessageViewController.swift; sourceTree = "<group>"; };
		BA11CBA72969FA8C0006CB7A /* ShowPhotoViewController.swift */ = {isa = PBXFileReference; lastKnownFileType = sourcecode.swift; path = ShowPhotoViewController.swift; sourceTree = "<group>"; };
		BA11CBA92969FB000006CB7A /* ShowImageCollectionViewCell.swift */ = {isa = PBXFileReference; lastKnownFileType = sourcecode.swift; path = ShowImageCollectionViewCell.swift; sourceTree = "<group>"; };
		BA11CBAA2969FB000006CB7A /* ShowImageCollectionViewCell.xib */ = {isa = PBXFileReference; lastKnownFileType = file.xib; path = ShowImageCollectionViewCell.xib; sourceTree = "<group>"; };
		BA6DAD5828F628C700AA544F /* StudyStoryBoardApp.app */ = {isa = PBXFileReference; explicitFileType = wrapper.application; includeInIndex = 0; path = StudyStoryBoardApp.app; sourceTree = BUILT_PRODUCTS_DIR; };
		BA6DAD5B28F628C700AA544F /* AppDelegate.swift */ = {isa = PBXFileReference; lastKnownFileType = sourcecode.swift; path = AppDelegate.swift; sourceTree = "<group>"; };
		BA6DAD5D28F628C700AA544F /* SceneDelegate.swift */ = {isa = PBXFileReference; lastKnownFileType = sourcecode.swift; path = SceneDelegate.swift; sourceTree = "<group>"; };
		BA6DAD6228F628C700AA544F /* Base */ = {isa = PBXFileReference; lastKnownFileType = file.storyboard; name = Base; path = Base.lproj/Main.storyboard; sourceTree = "<group>"; };
		BA6DAD6428F628C900AA544F /* Assets.xcassets */ = {isa = PBXFileReference; lastKnownFileType = folder.assetcatalog; path = Assets.xcassets; sourceTree = "<group>"; };
		BA6DAD6728F628C900AA544F /* Base */ = {isa = PBXFileReference; lastKnownFileType = file.storyboard; name = Base; path = Base.lproj/LaunchScreen.storyboard; sourceTree = "<group>"; };
		BA6DAD6928F628C900AA544F /* Info.plist */ = {isa = PBXFileReference; lastKnownFileType = text.plist.xml; path = Info.plist; sourceTree = "<group>"; };
		BA6DAD6F28F7078300AA544F /* AuthViewController.swift */ = {isa = PBXFileReference; lastKnownFileType = sourcecode.swift; path = AuthViewController.swift; sourceTree = "<group>"; };
		BA89D1FA29118F5200D88D61 /* NewsfeedViewController.swift */ = {isa = PBXFileReference; lastKnownFileType = sourcecode.swift; path = NewsfeedViewController.swift; sourceTree = "<group>"; };
		BA89D1FC29118FE900D88D61 /* PostTableViewCell.swift */ = {isa = PBXFileReference; lastKnownFileType = sourcecode.swift; path = PostTableViewCell.swift; sourceTree = "<group>"; };
		BA89D1FD29118FE900D88D61 /* PostTableViewCell.xib */ = {isa = PBXFileReference; lastKnownFileType = file.xib; path = PostTableViewCell.xib; sourceTree = "<group>"; };
		BA93AD47297AB32E0079225C /* UpdateLikes.swift */ = {isa = PBXFileReference; lastKnownFileType = sourcecode.swift; path = UpdateLikes.swift; sourceTree = "<group>"; };
		BA93AD4B297D977B0079225C /* NewsfeedPost.swift */ = {isa = PBXFileReference; lastKnownFileType = sourcecode.swift; path = NewsfeedPost.swift; sourceTree = "<group>"; };
		BA948C8D296C9CF60038415F /* Singleton.swift */ = {isa = PBXFileReference; lastKnownFileType = sourcecode.swift; path = Singleton.swift; sourceTree = "<group>"; };
		BA9A5F9D297DB45600B92DCC /* en */ = {isa = PBXFileReference; lastKnownFileType = file.storyboard; name = en; path = en.lproj/Main.storyboard; sourceTree = "<group>"; };
		BABC4376290D406D00FCD98F /* RegistrationViewController.swift */ = {isa = PBXFileReference; lastKnownFileType = sourcecode.swift; path = RegistrationViewController.swift; sourceTree = "<group>"; };
		BABC4379290D4D9D00FCD98F /* Profile.swift */ = {isa = PBXFileReference; lastKnownFileType = sourcecode.swift; path = Profile.swift; sourceTree = "<group>"; };
		BABC437F290D73CF00FCD98F /* CustomButton.swift */ = {isa = PBXFileReference; lastKnownFileType = sourcecode.swift; path = CustomButton.swift; sourceTree = "<group>"; };
		BABC43B1290EDD3400FCD98F /* Fontfabric - MullerHeavyItalic.otf */ = {isa = PBXFileReference; lastKnownFileType = file; path = "Fontfabric - MullerHeavyItalic.otf"; sourceTree = "<group>"; };
		BABC43B2290EDD3400FCD98F /* Fontfabric - MullerLightItalic.otf */ = {isa = PBXFileReference; lastKnownFileType = file; path = "Fontfabric - MullerLightItalic.otf"; sourceTree = "<group>"; };
		BABC43B3290EDD3400FCD98F /* Fontfabric - MullerHeavy.otf */ = {isa = PBXFileReference; lastKnownFileType = file; path = "Fontfabric - MullerHeavy.otf"; sourceTree = "<group>"; };
		BABC43B4290EDD3400FCD98F /* Fontfabric - MullerExtraBold.otf */ = {isa = PBXFileReference; lastKnownFileType = file; path = "Fontfabric - MullerExtraBold.otf"; sourceTree = "<group>"; };
		BABC43B5290EDD3400FCD98F /* Fontfabric - MullerRegularItalic.otf */ = {isa = PBXFileReference; lastKnownFileType = file; path = "Fontfabric - MullerRegularItalic.otf"; sourceTree = "<group>"; };
		BABC43B6290EDD3400FCD98F /* Fontfabric - MullerHairlineItalic.otf */ = {isa = PBXFileReference; lastKnownFileType = file; path = "Fontfabric - MullerHairlineItalic.otf"; sourceTree = "<group>"; };
		BABC43B7290EDD3400FCD98F /* Fontfabric - MullerUltraLight.otf */ = {isa = PBXFileReference; lastKnownFileType = file; path = "Fontfabric - MullerUltraLight.otf"; sourceTree = "<group>"; };
		BABC43B8290EDD3400FCD98F /* Fontfabric - MullerHairline.otf */ = {isa = PBXFileReference; lastKnownFileType = file; path = "Fontfabric - MullerHairline.otf"; sourceTree = "<group>"; };
		BABC43B9290EDD3400FCD98F /* Fontfabric - MullerThinItalic.otf */ = {isa = PBXFileReference; lastKnownFileType = file; path = "Fontfabric - MullerThinItalic.otf"; sourceTree = "<group>"; };
		BABC43BA290EDD3400FCD98F /* Fontfabric - MullerBlackItalic.otf */ = {isa = PBXFileReference; lastKnownFileType = file; path = "Fontfabric - MullerBlackItalic.otf"; sourceTree = "<group>"; };
		BABC43BB290EDD3400FCD98F /* Fontfabric - MullerBoldItalic.otf */ = {isa = PBXFileReference; lastKnownFileType = file; path = "Fontfabric - MullerBoldItalic.otf"; sourceTree = "<group>"; };
		BABC43BC290EDD3400FCD98F /* Fontfabric - MullerMediumItalic.otf */ = {isa = PBXFileReference; lastKnownFileType = file; path = "Fontfabric - MullerMediumItalic.otf"; sourceTree = "<group>"; };
		BABC43BD290EDD3400FCD98F /* Fontfabric - MullerLight.otf */ = {isa = PBXFileReference; lastKnownFileType = file; path = "Fontfabric - MullerLight.otf"; sourceTree = "<group>"; };
		BABC43BE290EDD3400FCD98F /* Fontfabric - MullerBold.otf */ = {isa = PBXFileReference; lastKnownFileType = file; path = "Fontfabric - MullerBold.otf"; sourceTree = "<group>"; };
		BABC43BF290EDD3400FCD98F /* Fontfabric - MullerBlack.otf */ = {isa = PBXFileReference; lastKnownFileType = file; path = "Fontfabric - MullerBlack.otf"; sourceTree = "<group>"; };
		BABC43C0290EDD3400FCD98F /* Fontfabric - MullerUltraLightItalic.otf */ = {isa = PBXFileReference; lastKnownFileType = file; path = "Fontfabric - MullerUltraLightItalic.otf"; sourceTree = "<group>"; };
		BABC43C1290EDD3400FCD98F /* Fontfabric - MullerExtraBoldItalic.otf */ = {isa = PBXFileReference; lastKnownFileType = file; path = "Fontfabric - MullerExtraBoldItalic.otf"; sourceTree = "<group>"; };
		BABC43C2290EDD3400FCD98F /* Fontfabric - MullerThin.otf */ = {isa = PBXFileReference; lastKnownFileType = file; path = "Fontfabric - MullerThin.otf"; sourceTree = "<group>"; };
		BABC43C3290EDD3400FCD98F /* Fontfabric - MullerRegular.otf */ = {isa = PBXFileReference; lastKnownFileType = file; path = "Fontfabric - MullerRegular.otf"; sourceTree = "<group>"; };
		BABC43C4290EDD3400FCD98F /* Fontfabric - MullerMedium.otf */ = {isa = PBXFileReference; lastKnownFileType = file; path = "Fontfabric - MullerMedium.otf"; sourceTree = "<group>"; };
		BADB89D22976470D0036BB30 /* ServiseAPI.swift */ = {isa = PBXFileReference; lastKnownFileType = sourcecode.swift; path = ServiseAPI.swift; sourceTree = "<group>"; };
		BADB89D429769FCB0036BB30 /* PhotosUser.swift */ = {isa = PBXFileReference; lastKnownFileType = sourcecode.swift; path = PhotosUser.swift; sourceTree = "<group>"; };
		BADB89D62978C0120036BB30 /* Wall.swift */ = {isa = PBXFileReference; lastKnownFileType = sourcecode.swift; path = Wall.swift; sourceTree = "<group>"; };
		BAEE352E28F7202500004183 /* sf-ui-display-black-58646a6b80d5a.otf */ = {isa = PBXFileReference; lastKnownFileType = file; name = "sf-ui-display-black-58646a6b80d5a.otf"; path = "../../../../../../Other/Fonts/sf-ui-display-cufonfonts/sf-ui-display-black-58646a6b80d5a.otf"; sourceTree = "<group>"; };
		BAEE352F28F7202500004183 /* sf-ui-display-medium-58646be638f96.otf */ = {isa = PBXFileReference; lastKnownFileType = file; name = "sf-ui-display-medium-58646be638f96.otf"; path = "../../../../../../Other/Fonts/sf-ui-display-cufonfonts/sf-ui-display-medium-58646be638f96.otf"; sourceTree = "<group>"; };
		BAEE353028F7202500004183 /* sf-ui-display-ultralight-58646b19bf205.otf */ = {isa = PBXFileReference; lastKnownFileType = file; name = "sf-ui-display-ultralight-58646b19bf205.otf"; path = "../../../../../../Other/Fonts/sf-ui-display-cufonfonts/sf-ui-display-ultralight-58646b19bf205.otf"; sourceTree = "<group>"; };
		BAEE353128F7202500004183 /* sf-ui-display-heavy-586470160b9e5.otf */ = {isa = PBXFileReference; lastKnownFileType = file; name = "sf-ui-display-heavy-586470160b9e5.otf"; path = "../../../../../../Other/Fonts/sf-ui-display-cufonfonts/sf-ui-display-heavy-586470160b9e5.otf"; sourceTree = "<group>"; };
		BAEE353228F7202500004183 /* sf-ui-display-semibold-58646eddcae92.otf */ = {isa = PBXFileReference; lastKnownFileType = file; name = "sf-ui-display-semibold-58646eddcae92.otf"; path = "../../../../../../Other/Fonts/sf-ui-display-cufonfonts/sf-ui-display-semibold-58646eddcae92.otf"; sourceTree = "<group>"; };
		BAEE353328F7202500004183 /* sf-ui-display-thin-58646e9b26e8b.otf */ = {isa = PBXFileReference; lastKnownFileType = file; name = "sf-ui-display-thin-58646e9b26e8b.otf"; path = "../../../../../../Other/Fonts/sf-ui-display-cufonfonts/sf-ui-display-thin-58646e9b26e8b.otf"; sourceTree = "<group>"; };
		BAEE353428F7202500004183 /* sf-ui-display-light-58646b33e0551.otf */ = {isa = PBXFileReference; lastKnownFileType = file; name = "sf-ui-display-light-58646b33e0551.otf"; path = "../../../../../../Other/Fonts/sf-ui-display-cufonfonts/sf-ui-display-light-58646b33e0551.otf"; sourceTree = "<group>"; };
		BAEE353528F7202500004183 /* sf-ui-display-bold-58646a511e3d9.otf */ = {isa = PBXFileReference; lastKnownFileType = file; name = "sf-ui-display-bold-58646a511e3d9.otf"; path = "../../../../../../Other/Fonts/sf-ui-display-cufonfonts/sf-ui-display-bold-58646a511e3d9.otf"; sourceTree = "<group>"; };
		BAEE354228F8AC3F00004183 /* FriendsViewController.swift */ = {isa = PBXFileReference; lastKnownFileType = sourcecode.swift; path = FriendsViewController.swift; sourceTree = "<group>"; };
		BAEE354E28F8B42600004183 /* CustomTableViewCell.swift */ = {isa = PBXFileReference; lastKnownFileType = sourcecode.swift; path = CustomTableViewCell.swift; sourceTree = "<group>"; };
		BAEE354F28F8B42600004183 /* CustomTableViewCell.xib */ = {isa = PBXFileReference; lastKnownFileType = file.xib; path = CustomTableViewCell.xib; sourceTree = "<group>"; };
		BAEE355528F9789A00004183 /* CustomCollectionViewCell.swift */ = {isa = PBXFileReference; lastKnownFileType = sourcecode.swift; path = CustomCollectionViewCell.swift; sourceTree = "<group>"; };
		BAEE355628F9789A00004183 /* CustomCollectionViewCell.xib */ = {isa = PBXFileReference; lastKnownFileType = file.xib; path = CustomCollectionViewCell.xib; sourceTree = "<group>"; };
		BAEE355928F9806200004183 /* AlbumUserViewController.swift */ = {isa = PBXFileReference; lastKnownFileType = sourcecode.swift; path = AlbumUserViewController.swift; sourceTree = "<group>"; };
		BAEE355D28F993D200004183 /* GroupViewController.swift */ = {isa = PBXFileReference; lastKnownFileType = sourcecode.swift; path = GroupViewController.swift; sourceTree = "<group>"; };
		BAEE355F28F993DB00004183 /* SearchViewController.swift */ = {isa = PBXFileReference; lastKnownFileType = sourcecode.swift; path = SearchViewController.swift; sourceTree = "<group>"; };
		BAEE356228F9C00000004183 /* Group.swift */ = {isa = PBXFileReference; lastKnownFileType = sourcecode.swift; path = Group.swift; sourceTree = "<group>"; };
		BAF408D6297FBA5700E630D2 /* Response<T>.swift */ = {isa = PBXFileReference; lastKnownFileType = sourcecode.swift; path = "Response<T>.swift"; sourceTree = "<group>"; };
/* End PBXFileReference section */

/* Begin PBXFrameworksBuildPhase section */
		BA6DAD5528F628C700AA544F /* Frameworks */ = {
			isa = PBXFrameworksBuildPhase;
			buildActionMask = 2147483647;
			files = (
				BAFAEE9F297A2608001F5256 /* SDWebImage in Frameworks */,
				BAFAEEA1297A2608001F5256 /* SDWebImageMapKit in Frameworks */,
				BA04257229708B26002E4A26 /* Alamofire in Frameworks */,
			);
			runOnlyForDeploymentPostprocessing = 0;
		};
/* End PBXFrameworksBuildPhase section */

/* Begin PBXGroup section */
		BA11CBA32969D46D0006CB7A /* MessageViewController */ = {
			isa = PBXGroup;
			children = (
				BA11CBA42969D4A20006CB7A /* MessageViewController.swift */,
			);
			path = MessageViewController;
			sourceTree = "<group>";
		};
		BA11CBA62969FA5B0006CB7A /* ShowPhotoViewController */ = {
			isa = PBXGroup;
			children = (
				BA11CBA72969FA8C0006CB7A /* ShowPhotoViewController.swift */,
				BA11CBA92969FB000006CB7A /* ShowImageCollectionViewCell.swift */,
				BA11CBAA2969FB000006CB7A /* ShowImageCollectionViewCell.xib */,
			);
			path = ShowPhotoViewController;
			sourceTree = "<group>";
		};
		BA6DAD4F28F628C700AA544F = {
			isa = PBXGroup;
			children = (
				BA6DAD5A28F628C700AA544F /* StudyStoryBoardApp */,
				BA6DAD5928F628C700AA544F /* Products */,
			);
			sourceTree = "<group>";
		};
		BA6DAD5928F628C700AA544F /* Products */ = {
			isa = PBXGroup;
			children = (
				BA6DAD5828F628C700AA544F /* StudyStoryBoardApp.app */,
			);
			name = Products;
			sourceTree = "<group>";
		};
		BA6DAD5A28F628C700AA544F /* StudyStoryBoardApp */ = {
			isa = PBXGroup;
			children = (
				BABC4378290D4D8E00FCD98F /* Data */,
				BAEE356128F9BFF300004183 /* Model */,
				BAEE354028F89A3C00004183 /* Controllers */,
				BAEE353E28F8995900004183 /* Source */,
				BAEE352D28F7200100004183 /* Fonts */,
				BABC43B0290EDD3400FCD98F /* Muller_Font */,
				BA6DAD6128F628C700AA544F /* Main.storyboard */,
				BA6DAD6428F628C900AA544F /* Assets.xcassets */,
				BABC437F290D73CF00FCD98F /* CustomButton.swift */,
			);
			path = StudyStoryBoardApp;
			sourceTree = "<group>";
		};
		BA89D1F929118F2C00D88D61 /* NewsfeedController */ = {
			isa = PBXGroup;
			children = (
				BA89D1FA29118F5200D88D61 /* NewsfeedViewController.swift */,
				BA89D1FC29118FE900D88D61 /* PostTableViewCell.swift */,
				BA89D1FD29118FE900D88D61 /* PostTableViewCell.xib */,
			);
			path = NewsfeedController;
			sourceTree = "<group>";
		};
		BABC4378290D4D8E00FCD98F /* Data */ = {
			isa = PBXGroup;
			children = (
				BA948C8D296C9CF60038415F /* Singleton.swift */,
				BADB89D22976470D0036BB30 /* ServiseAPI.swift */,
			);
			path = Data;
			sourceTree = "<group>";
		};
		BABC43B0290EDD3400FCD98F /* Muller_Font */ = {
			isa = PBXGroup;
			children = (
				BABC43B1290EDD3400FCD98F /* Fontfabric - MullerHeavyItalic.otf */,
				BABC43B2290EDD3400FCD98F /* Fontfabric - MullerLightItalic.otf */,
				BABC43B3290EDD3400FCD98F /* Fontfabric - MullerHeavy.otf */,
				BABC43B4290EDD3400FCD98F /* Fontfabric - MullerExtraBold.otf */,
				BABC43B5290EDD3400FCD98F /* Fontfabric - MullerRegularItalic.otf */,
				BABC43B6290EDD3400FCD98F /* Fontfabric - MullerHairlineItalic.otf */,
				BABC43B7290EDD3400FCD98F /* Fontfabric - MullerUltraLight.otf */,
				BABC43B8290EDD3400FCD98F /* Fontfabric - MullerHairline.otf */,
				BABC43B9290EDD3400FCD98F /* Fontfabric - MullerThinItalic.otf */,
				BABC43BA290EDD3400FCD98F /* Fontfabric - MullerBlackItalic.otf */,
				BABC43BB290EDD3400FCD98F /* Fontfabric - MullerBoldItalic.otf */,
				BABC43BC290EDD3400FCD98F /* Fontfabric - MullerMediumItalic.otf */,
				BABC43BD290EDD3400FCD98F /* Fontfabric - MullerLight.otf */,
				BABC43BE290EDD3400FCD98F /* Fontfabric - MullerBold.otf */,
				BABC43BF290EDD3400FCD98F /* Fontfabric - MullerBlack.otf */,
				BABC43C0290EDD3400FCD98F /* Fontfabric - MullerUltraLightItalic.otf */,
				BABC43C1290EDD3400FCD98F /* Fontfabric - MullerExtraBoldItalic.otf */,
				BABC43C2290EDD3400FCD98F /* Fontfabric - MullerThin.otf */,
				BABC43C3290EDD3400FCD98F /* Fontfabric - MullerRegular.otf */,
				BABC43C4290EDD3400FCD98F /* Fontfabric - MullerMedium.otf */,
			);
			path = Muller_Font;
			sourceTree = "<group>";
		};
		BAEE352D28F7200100004183 /* Fonts */ = {
			isa = PBXGroup;
			children = (
				BAEE352E28F7202500004183 /* sf-ui-display-black-58646a6b80d5a.otf */,
				BAEE353528F7202500004183 /* sf-ui-display-bold-58646a511e3d9.otf */,
				BAEE353128F7202500004183 /* sf-ui-display-heavy-586470160b9e5.otf */,
				BAEE353428F7202500004183 /* sf-ui-display-light-58646b33e0551.otf */,
				BAEE352F28F7202500004183 /* sf-ui-display-medium-58646be638f96.otf */,
				BAEE353228F7202500004183 /* sf-ui-display-semibold-58646eddcae92.otf */,
				BAEE353328F7202500004183 /* sf-ui-display-thin-58646e9b26e8b.otf */,
				BAEE353028F7202500004183 /* sf-ui-display-ultralight-58646b19bf205.otf */,
			);
			path = Fonts;
			sourceTree = "<group>";
		};
		BAEE353E28F8995900004183 /* Source */ = {
			isa = PBXGroup;
			children = (
				BA6DAD5B28F628C700AA544F /* AppDelegate.swift */,
				BA6DAD5D28F628C700AA544F /* SceneDelegate.swift */,
				BA6DAD6628F628C900AA544F /* LaunchScreen.storyboard */,
				BA6DAD6928F628C900AA544F /* Info.plist */,
			);
			path = Source;
			sourceTree = "<group>";
		};
		BAEE353F28F89A1E00004183 /* AuthController */ = {
			isa = PBXGroup;
			children = (
				BA6DAD6F28F7078300AA544F /* AuthViewController.swift */,
				BABC4376290D406D00FCD98F /* RegistrationViewController.swift */,
			);
			path = AuthController;
			sourceTree = "<group>";
		};
		BAEE354028F89A3C00004183 /* Controllers */ = {
			isa = PBXGroup;
			children = (
				BA11CBA32969D46D0006CB7A /* MessageViewController */,
				BA89D1F929118F2C00D88D61 /* NewsfeedController */,
				BAEE354D28F8B41400004183 /* CustomTableViewCell */,
				BAEE355228F9779D00004183 /* CustomCollectionViewCell */,
				BAEE355C28F993B100004183 /* GroupViewController */,
				BAEE354128F8AC1500004183 /* FriendsController */,
				BA11CBA62969FA5B0006CB7A /* ShowPhotoViewController */,
				BAEE353F28F89A1E00004183 /* AuthController */,
			);
			path = Controllers;
			sourceTree = "<group>";
		};
		BAEE354128F8AC1500004183 /* FriendsController */ = {
			isa = PBXGroup;
			children = (
				BAEE354228F8AC3F00004183 /* FriendsViewController.swift */,
				BAEE355928F9806200004183 /* AlbumUserViewController.swift */,
			);
			path = FriendsController;
			sourceTree = "<group>";
		};
		BAEE354D28F8B41400004183 /* CustomTableViewCell */ = {
			isa = PBXGroup;
			children = (
				BAEE354E28F8B42600004183 /* CustomTableViewCell.swift */,
				BAEE354F28F8B42600004183 /* CustomTableViewCell.xib */,
			);
			path = CustomTableViewCell;
			sourceTree = "<group>";
		};
		BAEE355228F9779D00004183 /* CustomCollectionViewCell */ = {
			isa = PBXGroup;
			children = (
				BAEE355528F9789A00004183 /* CustomCollectionViewCell.swift */,
				BAEE355628F9789A00004183 /* CustomCollectionViewCell.xib */,
			);
			path = CustomCollectionViewCell;
			sourceTree = "<group>";
		};
		BAEE355C28F993B100004183 /* GroupViewController */ = {
			isa = PBXGroup;
			children = (
				BAEE355D28F993D200004183 /* GroupViewController.swift */,
				BAEE355F28F993DB00004183 /* SearchViewController.swift */,
			);
			path = GroupViewController;
			sourceTree = "<group>";
		};
		BAEE356128F9BFF300004183 /* Model */ = {
			isa = PBXGroup;
			children = (
				BABC4379290D4D9D00FCD98F /* Profile.swift */,
				BAEE356228F9C00000004183 /* Group.swift */,
				BADB89D429769FCB0036BB30 /* PhotosUser.swift */,
				BADB89D62978C0120036BB30 /* Wall.swift */,
				BA93AD47297AB32E0079225C /* UpdateLikes.swift */,
				BA93AD4B297D977B0079225C /* NewsfeedPost.swift */,
				BAF408D6297FBA5700E630D2 /* Response<T>.swift */,
			);
			path = Model;
			sourceTree = "<group>";
		};
/* End PBXGroup section */

/* Begin PBXNativeTarget section */
		BA6DAD5728F628C700AA544F /* StudyStoryBoardApp */ = {
			isa = PBXNativeTarget;
			buildConfigurationList = BA6DAD6C28F628C900AA544F /* Build configuration list for PBXNativeTarget "StudyStoryBoardApp" */;
			buildPhases = (
				BA6DAD5428F628C700AA544F /* Sources */,
				BA6DAD5528F628C700AA544F /* Frameworks */,
				BA6DAD5628F628C700AA544F /* Resources */,
			);
			buildRules = (
			);
			dependencies = (
			);
			name = StudyStoryBoardApp;
			packageProductDependencies = (
				BA04257129708B26002E4A26 /* Alamofire */,
				BAFAEE9E297A2608001F5256 /* SDWebImage */,
				BAFAEEA0297A2608001F5256 /* SDWebImageMapKit */,
			);
			productName = StudyStoryBoardApp;
			productReference = BA6DAD5828F628C700AA544F /* StudyStoryBoardApp.app */;
			productType = "com.apple.product-type.application";
		};
/* End PBXNativeTarget section */

/* Begin PBXProject section */
		BA6DAD5028F628C700AA544F /* Project object */ = {
			isa = PBXProject;
			attributes = {
				BuildIndependentTargetsInParallel = 1;
				LastSwiftUpdateCheck = 1400;
				LastUpgradeCheck = 1400;
				TargetAttributes = {
					BA6DAD5728F628C700AA544F = {
						CreatedOnToolsVersion = 14.0.1;
					};
				};
			};
			buildConfigurationList = BA6DAD5328F628C700AA544F /* Build configuration list for PBXProject "StudyStoryBoardApp" */;
			compatibilityVersion = "Xcode 14.0";
			developmentRegion = en;
			hasScannedForEncodings = 0;
			knownRegions = (
				en,
				Base,
			);
			mainGroup = BA6DAD4F28F628C700AA544F;
			packageReferences = (
				BA04257029708B26002E4A26 /* XCRemoteSwiftPackageReference "Alamofire" */,
				BAFAEE9D297A2608001F5256 /* XCRemoteSwiftPackageReference "SDWebImage" */,
			);
			productRefGroup = BA6DAD5928F628C700AA544F /* Products */;
			projectDirPath = "";
			projectRoot = "";
			targets = (
				BA6DAD5728F628C700AA544F /* StudyStoryBoardApp */,
			);
		};
/* End PBXProject section */

/* Begin PBXResourcesBuildPhase section */
		BA6DAD5628F628C700AA544F /* Resources */ = {
			isa = PBXResourcesBuildPhase;
			buildActionMask = 2147483647;
			files = (
				BABC43D2290EDD3400FCD98F /* Fontfabric - MullerBold.otf in Resources */,
				BABC43CB290EDD3400FCD98F /* Fontfabric - MullerUltraLight.otf in Resources */,
				BABC43CF290EDD3400FCD98F /* Fontfabric - MullerBoldItalic.otf in Resources */,
				BABC43D7290EDD3400FCD98F /* Fontfabric - MullerRegular.otf in Resources */,
				BABC43C5290EDD3400FCD98F /* Fontfabric - MullerHeavyItalic.otf in Resources */,
				BABC43D3290EDD3400FCD98F /* Fontfabric - MullerBlack.otf in Resources */,
				BAEE353C28F7202500004183 /* sf-ui-display-light-58646b33e0551.otf in Resources */,
				BA6DAD6828F628C900AA544F /* LaunchScreen.storyboard in Resources */,
				BAEE355128F8B42600004183 /* CustomTableViewCell.xib in Resources */,
				BABC43C8290EDD3400FCD98F /* Fontfabric - MullerExtraBold.otf in Resources */,
				BABC43D6290EDD3400FCD98F /* Fontfabric - MullerThin.otf in Resources */,
				BAEE353B28F7202500004183 /* sf-ui-display-thin-58646e9b26e8b.otf in Resources */,
				BABC43CD290EDD3400FCD98F /* Fontfabric - MullerThinItalic.otf in Resources */,
				BA6DAD6528F628C900AA544F /* Assets.xcassets in Resources */,
				BABC43C6290EDD3400FCD98F /* Fontfabric - MullerLightItalic.otf in Resources */,
				BA11CBAC2969FB000006CB7A /* ShowImageCollectionViewCell.xib in Resources */,
				BAEE353828F7202500004183 /* sf-ui-display-ultralight-58646b19bf205.otf in Resources */,
				BAEE353628F7202500004183 /* sf-ui-display-black-58646a6b80d5a.otf in Resources */,
				BAEE355828F9789A00004183 /* CustomCollectionViewCell.xib in Resources */,
				BABC43D8290EDD3400FCD98F /* Fontfabric - MullerMedium.otf in Resources */,
				BA6DAD6328F628C700AA544F /* Main.storyboard in Resources */,
				BABC43D1290EDD3400FCD98F /* Fontfabric - MullerLight.otf in Resources */,
				BAEE353A28F7202500004183 /* sf-ui-display-semibold-58646eddcae92.otf in Resources */,
				BABC43C7290EDD3400FCD98F /* Fontfabric - MullerHeavy.otf in Resources */,
				BAEE353728F7202500004183 /* sf-ui-display-medium-58646be638f96.otf in Resources */,
				BABC43CC290EDD3400FCD98F /* Fontfabric - MullerHairline.otf in Resources */,
				BABC43CA290EDD3400FCD98F /* Fontfabric - MullerHairlineItalic.otf in Resources */,
				BABC43C9290EDD3400FCD98F /* Fontfabric - MullerRegularItalic.otf in Resources */,
				BAEE353D28F7202500004183 /* sf-ui-display-bold-58646a511e3d9.otf in Resources */,
				BABC43D0290EDD3400FCD98F /* Fontfabric - MullerMediumItalic.otf in Resources */,
				BA89D1FF29118FE900D88D61 /* PostTableViewCell.xib in Resources */,
				BABC43D5290EDD3400FCD98F /* Fontfabric - MullerExtraBoldItalic.otf in Resources */,
				BABC43CE290EDD3400FCD98F /* Fontfabric - MullerBlackItalic.otf in Resources */,
				BABC43D4290EDD3400FCD98F /* Fontfabric - MullerUltraLightItalic.otf in Resources */,
				BAEE353928F7202500004183 /* sf-ui-display-heavy-586470160b9e5.otf in Resources */,
			);
			runOnlyForDeploymentPostprocessing = 0;
		};
/* End PBXResourcesBuildPhase section */

/* Begin PBXSourcesBuildPhase section */
		BA6DAD5428F628C700AA544F /* Sources */ = {
			isa = PBXSourcesBuildPhase;
			buildActionMask = 2147483647;
			files = (
				BAF408D7297FBA5700E630D2 /* Response<T>.swift in Sources */,
				BAEE355E28F993D200004183 /* GroupViewController.swift in Sources */,
				BA11CBA82969FA8C0006CB7A /* ShowPhotoViewController.swift in Sources */,
				BA93AD48297AB32E0079225C /* UpdateLikes.swift in Sources */,
				BAEE354328F8AC3F00004183 /* FriendsViewController.swift in Sources */,
				BA93AD4C297D977B0079225C /* NewsfeedPost.swift in Sources */,
				BADB89D72978C0120036BB30 /* Wall.swift in Sources */,
				BAEE355728F9789A00004183 /* CustomCollectionViewCell.swift in Sources */,
				BADB89D32976470D0036BB30 /* ServiseAPI.swift in Sources */,
				BAEE356328F9C00000004183 /* Group.swift in Sources */,
				BA89D1FB29118F5200D88D61 /* NewsfeedViewController.swift in Sources */,
				BABC4380290D73CF00FCD98F /* CustomButton.swift in Sources */,
				BABC4377290D406D00FCD98F /* RegistrationViewController.swift in Sources */,
				BADB89D529769FCB0036BB30 /* PhotosUser.swift in Sources */,
				BAEE356028F993DB00004183 /* SearchViewController.swift in Sources */,
				BA948C8E296C9CF60038415F /* Singleton.swift in Sources */,
				BAEE355028F8B42600004183 /* CustomTableViewCell.swift in Sources */,
				BABC437A290D4D9D00FCD98F /* Profile.swift in Sources */,
				BA6DAD5C28F628C700AA544F /* AppDelegate.swift in Sources */,
				BA6DAD7028F7078300AA544F /* AuthViewController.swift in Sources */,
				BA6DAD5E28F628C700AA544F /* SceneDelegate.swift in Sources */,
				BA11CBA52969D4A20006CB7A /* MessageViewController.swift in Sources */,
				BA11CBAB2969FB000006CB7A /* ShowImageCollectionViewCell.swift in Sources */,
				BAEE355A28F9806200004183 /* AlbumUserViewController.swift in Sources */,
				BA89D1FE29118FE900D88D61 /* PostTableViewCell.swift in Sources */,
			);
			runOnlyForDeploymentPostprocessing = 0;
		};
/* End PBXSourcesBuildPhase section */

/* Begin PBXVariantGroup section */
		BA6DAD6128F628C700AA544F /* Main.storyboard */ = {
			isa = PBXVariantGroup;
			children = (
				BA6DAD6228F628C700AA544F /* Base */,
				BA9A5F9D297DB45600B92DCC /* en */,
			);
			name = Main.storyboard;
			sourceTree = "<group>";
		};
		BA6DAD6628F628C900AA544F /* LaunchScreen.storyboard */ = {
			isa = PBXVariantGroup;
			children = (
				BA6DAD6728F628C900AA544F /* Base */,
			);
			name = LaunchScreen.storyboard;
			sourceTree = "<group>";
		};
/* End PBXVariantGroup section */

/* Begin XCBuildConfiguration section */
		BA6DAD6A28F628C900AA544F /* Debug */ = {
			isa = XCBuildConfiguration;
			buildSettings = {
				ALWAYS_SEARCH_USER_PATHS = NO;
				CLANG_ANALYZER_NONNULL = YES;
				CLANG_ANALYZER_NUMBER_OBJECT_CONVERSION = YES_AGGRESSIVE;
				CLANG_CXX_LANGUAGE_STANDARD = "gnu++20";
				CLANG_ENABLE_MODULES = YES;
				CLANG_ENABLE_OBJC_ARC = YES;
				CLANG_ENABLE_OBJC_WEAK = YES;
				CLANG_WARN_BLOCK_CAPTURE_AUTORELEASING = YES;
				CLANG_WARN_BOOL_CONVERSION = YES;
				CLANG_WARN_COMMA = YES;
				CLANG_WARN_CONSTANT_CONVERSION = YES;
				CLANG_WARN_DEPRECATED_OBJC_IMPLEMENTATIONS = YES;
				CLANG_WARN_DIRECT_OBJC_ISA_USAGE = YES_ERROR;
				CLANG_WARN_DOCUMENTATION_COMMENTS = YES;
				CLANG_WARN_EMPTY_BODY = YES;
				CLANG_WARN_ENUM_CONVERSION = YES;
				CLANG_WARN_INFINITE_RECURSION = YES;
				CLANG_WARN_INT_CONVERSION = YES;
				CLANG_WARN_NON_LITERAL_NULL_CONVERSION = YES;
				CLANG_WARN_OBJC_IMPLICIT_RETAIN_SELF = YES;
				CLANG_WARN_OBJC_LITERAL_CONVERSION = YES;
				CLANG_WARN_OBJC_ROOT_CLASS = YES_ERROR;
				CLANG_WARN_QUOTED_INCLUDE_IN_FRAMEWORK_HEADER = YES;
				CLANG_WARN_RANGE_LOOP_ANALYSIS = YES;
				CLANG_WARN_STRICT_PROTOTYPES = YES;
				CLANG_WARN_SUSPICIOUS_MOVE = YES;
				CLANG_WARN_UNGUARDED_AVAILABILITY = YES_AGGRESSIVE;
				CLANG_WARN_UNREACHABLE_CODE = YES;
				CLANG_WARN__DUPLICATE_METHOD_MATCH = YES;
				COPY_PHASE_STRIP = NO;
				DEBUG_INFORMATION_FORMAT = dwarf;
				ENABLE_STRICT_OBJC_MSGSEND = YES;
				ENABLE_TESTABILITY = YES;
				GCC_C_LANGUAGE_STANDARD = gnu11;
				GCC_DYNAMIC_NO_PIC = NO;
				GCC_NO_COMMON_BLOCKS = YES;
				GCC_OPTIMIZATION_LEVEL = 0;
				GCC_PREPROCESSOR_DEFINITIONS = (
					"DEBUG=1",
					"$(inherited)",
				);
				GCC_WARN_64_TO_32_BIT_CONVERSION = YES;
				GCC_WARN_ABOUT_RETURN_TYPE = YES_ERROR;
				GCC_WARN_UNDECLARED_SELECTOR = YES;
				GCC_WARN_UNINITIALIZED_AUTOS = YES_AGGRESSIVE;
				GCC_WARN_UNUSED_FUNCTION = YES;
				GCC_WARN_UNUSED_VARIABLE = YES;
				IPHONEOS_DEPLOYMENT_TARGET = 16.0;
				MTL_ENABLE_DEBUG_INFO = INCLUDE_SOURCE;
				MTL_FAST_MATH = YES;
				ONLY_ACTIVE_ARCH = YES;
				SDKROOT = iphoneos;
				SWIFT_ACTIVE_COMPILATION_CONDITIONS = DEBUG;
				SWIFT_OPTIMIZATION_LEVEL = "-Onone";
			};
			name = Debug;
		};
		BA6DAD6B28F628C900AA544F /* Release */ = {
			isa = XCBuildConfiguration;
			buildSettings = {
				ALWAYS_SEARCH_USER_PATHS = NO;
				CLANG_ANALYZER_NONNULL = YES;
				CLANG_ANALYZER_NUMBER_OBJECT_CONVERSION = YES_AGGRESSIVE;
				CLANG_CXX_LANGUAGE_STANDARD = "gnu++20";
				CLANG_ENABLE_MODULES = YES;
				CLANG_ENABLE_OBJC_ARC = YES;
				CLANG_ENABLE_OBJC_WEAK = YES;
				CLANG_WARN_BLOCK_CAPTURE_AUTORELEASING = YES;
				CLANG_WARN_BOOL_CONVERSION = YES;
				CLANG_WARN_COMMA = YES;
				CLANG_WARN_CONSTANT_CONVERSION = YES;
				CLANG_WARN_DEPRECATED_OBJC_IMPLEMENTATIONS = YES;
				CLANG_WARN_DIRECT_OBJC_ISA_USAGE = YES_ERROR;
				CLANG_WARN_DOCUMENTATION_COMMENTS = YES;
				CLANG_WARN_EMPTY_BODY = YES;
				CLANG_WARN_ENUM_CONVERSION = YES;
				CLANG_WARN_INFINITE_RECURSION = YES;
				CLANG_WARN_INT_CONVERSION = YES;
				CLANG_WARN_NON_LITERAL_NULL_CONVERSION = YES;
				CLANG_WARN_OBJC_IMPLICIT_RETAIN_SELF = YES;
				CLANG_WARN_OBJC_LITERAL_CONVERSION = YES;
				CLANG_WARN_OBJC_ROOT_CLASS = YES_ERROR;
				CLANG_WARN_QUOTED_INCLUDE_IN_FRAMEWORK_HEADER = YES;
				CLANG_WARN_RANGE_LOOP_ANALYSIS = YES;
				CLANG_WARN_STRICT_PROTOTYPES = YES;
				CLANG_WARN_SUSPICIOUS_MOVE = YES;
				CLANG_WARN_UNGUARDED_AVAILABILITY = YES_AGGRESSIVE;
				CLANG_WARN_UNREACHABLE_CODE = YES;
				CLANG_WARN__DUPLICATE_METHOD_MATCH = YES;
				COPY_PHASE_STRIP = NO;
				DEBUG_INFORMATION_FORMAT = "dwarf-with-dsym";
				ENABLE_NS_ASSERTIONS = NO;
				ENABLE_STRICT_OBJC_MSGSEND = YES;
				GCC_C_LANGUAGE_STANDARD = gnu11;
				GCC_NO_COMMON_BLOCKS = YES;
				GCC_WARN_64_TO_32_BIT_CONVERSION = YES;
				GCC_WARN_ABOUT_RETURN_TYPE = YES_ERROR;
				GCC_WARN_UNDECLARED_SELECTOR = YES;
				GCC_WARN_UNINITIALIZED_AUTOS = YES_AGGRESSIVE;
				GCC_WARN_UNUSED_FUNCTION = YES;
				GCC_WARN_UNUSED_VARIABLE = YES;
				IPHONEOS_DEPLOYMENT_TARGET = 16.0;
				MTL_ENABLE_DEBUG_INFO = NO;
				MTL_FAST_MATH = YES;
				SDKROOT = iphoneos;
				SWIFT_COMPILATION_MODE = wholemodule;
				SWIFT_OPTIMIZATION_LEVEL = "-O";
				VALIDATE_PRODUCT = YES;
			};
			name = Release;
		};
		BA6DAD6D28F628C900AA544F /* Debug */ = {
			isa = XCBuildConfiguration;
			buildSettings = {
				ASSETCATALOG_COMPILER_APPICON_NAME = AppIcon;
				ASSETCATALOG_COMPILER_GLOBAL_ACCENT_COLOR_NAME = AccentColor;
				CODE_SIGN_STYLE = Automatic;
				CURRENT_PROJECT_VERSION = 1;
				DEVELOPMENT_TEAM = VQ2Z999482;
				GENERATE_INFOPLIST_FILE = YES;
				INFOPLIST_FILE = StudyStoryBoardApp/Source/Info.plist;
				INFOPLIST_KEY_CFBundleDisplayName = VKapp;
				INFOPLIST_KEY_LSApplicationCategoryType = "public.app-category.social-networking";
				INFOPLIST_KEY_UIApplicationSupportsIndirectInputEvents = YES;
				INFOPLIST_KEY_UILaunchStoryboardName = LaunchScreen;
				INFOPLIST_KEY_UIMainStoryboardFile = Main;
				INFOPLIST_KEY_UISupportedInterfaceOrientations_iPad = "UIInterfaceOrientationPortrait UIInterfaceOrientationPortraitUpsideDown UIInterfaceOrientationLandscapeLeft UIInterfaceOrientationLandscapeRight";
				INFOPLIST_KEY_UISupportedInterfaceOrientations_iPhone = "UIInterfaceOrientationPortrait UIInterfaceOrientationLandscapeLeft UIInterfaceOrientationLandscapeRight";
				LD_RUNPATH_SEARCH_PATHS = (
					"$(inherited)",
					"@executable_path/Frameworks",
				);
				MARKETING_VERSION = 1.0;
				PRODUCT_BUNDLE_IDENTIFIER = "Andrey-Volkov.StudyStoryBoardApp";
				PRODUCT_NAME = "$(TARGET_NAME)";
				SWIFT_EMIT_LOC_STRINGS = YES;
				SWIFT_VERSION = 5.0;
				TARGETED_DEVICE_FAMILY = "1,2";
			};
			name = Debug;
		};
		BA6DAD6E28F628C900AA544F /* Release */ = {
			isa = XCBuildConfiguration;
			buildSettings = {
				ASSETCATALOG_COMPILER_APPICON_NAME = AppIcon;
				ASSETCATALOG_COMPILER_GLOBAL_ACCENT_COLOR_NAME = AccentColor;
				CODE_SIGN_STYLE = Automatic;
				CURRENT_PROJECT_VERSION = 1;
				DEVELOPMENT_TEAM = VQ2Z999482;
				GENERATE_INFOPLIST_FILE = YES;
				INFOPLIST_FILE = StudyStoryBoardApp/Source/Info.plist;
				INFOPLIST_KEY_CFBundleDisplayName = VKapp;
				INFOPLIST_KEY_LSApplicationCategoryType = "public.app-category.social-networking";
				INFOPLIST_KEY_UIApplicationSupportsIndirectInputEvents = YES;
				INFOPLIST_KEY_UILaunchStoryboardName = LaunchScreen;
				INFOPLIST_KEY_UIMainStoryboardFile = Main;
				INFOPLIST_KEY_UISupportedInterfaceOrientations_iPad = "UIInterfaceOrientationPortrait UIInterfaceOrientationPortraitUpsideDown UIInterfaceOrientationLandscapeLeft UIInterfaceOrientationLandscapeRight";
				INFOPLIST_KEY_UISupportedInterfaceOrientations_iPhone = "UIInterfaceOrientationPortrait UIInterfaceOrientationLandscapeLeft UIInterfaceOrientationLandscapeRight";
				LD_RUNPATH_SEARCH_PATHS = (
					"$(inherited)",
					"@executable_path/Frameworks",
				);
				MARKETING_VERSION = 1.0;
				PRODUCT_BUNDLE_IDENTIFIER = "Andrey-Volkov.StudyStoryBoardApp";
				PRODUCT_NAME = "$(TARGET_NAME)";
				SWIFT_EMIT_LOC_STRINGS = YES;
				SWIFT_VERSION = 5.0;
				TARGETED_DEVICE_FAMILY = "1,2";
			};
			name = Release;
		};
/* End XCBuildConfiguration section */

/* Begin XCConfigurationList section */
		BA6DAD5328F628C700AA544F /* Build configuration list for PBXProject "StudyStoryBoardApp" */ = {
			isa = XCConfigurationList;
			buildConfigurations = (
				BA6DAD6A28F628C900AA544F /* Debug */,
				BA6DAD6B28F628C900AA544F /* Release */,
			);
			defaultConfigurationIsVisible = 0;
			defaultConfigurationName = Release;
		};
		BA6DAD6C28F628C900AA544F /* Build configuration list for PBXNativeTarget "StudyStoryBoardApp" */ = {
			isa = XCConfigurationList;
			buildConfigurations = (
				BA6DAD6D28F628C900AA544F /* Debug */,
				BA6DAD6E28F628C900AA544F /* Release */,
			);
			defaultConfigurationIsVisible = 0;
			defaultConfigurationName = Release;
		};
/* End XCConfigurationList section */

/* Begin XCRemoteSwiftPackageReference section */
		BA04257029708B26002E4A26 /* XCRemoteSwiftPackageReference "Alamofire" */ = {
			isa = XCRemoteSwiftPackageReference;
			repositoryURL = "https://github.com/Alamofire/Alamofire";
			requirement = {
				kind = upToNextMajorVersion;
				minimumVersion = 5.0.0;
			};
		};
		BAFAEE9D297A2608001F5256 /* XCRemoteSwiftPackageReference "SDWebImage" */ = {
			isa = XCRemoteSwiftPackageReference;
			repositoryURL = "https://github.com/SDWebImage/SDWebImage.git";
			requirement = {
				kind = upToNextMajorVersion;
				minimumVersion = 5.0.0;
			};
		};
/* End XCRemoteSwiftPackageReference section */

/* Begin XCSwiftPackageProductDependency section */
		BA04257129708B26002E4A26 /* Alamofire */ = {
			isa = XCSwiftPackageProductDependency;
			package = BA04257029708B26002E4A26 /* XCRemoteSwiftPackageReference "Alamofire" */;
			productName = Alamofire;
		};
		BAFAEE9E297A2608001F5256 /* SDWebImage */ = {
			isa = XCSwiftPackageProductDependency;
			package = BAFAEE9D297A2608001F5256 /* XCRemoteSwiftPackageReference "SDWebImage" */;
			productName = SDWebImage;
		};
		BAFAEEA0297A2608001F5256 /* SDWebImageMapKit */ = {
			isa = XCSwiftPackageProductDependency;
			package = BAFAEE9D297A2608001F5256 /* XCRemoteSwiftPackageReference "SDWebImage" */;
			productName = SDWebImageMapKit;
		};
/* End XCSwiftPackageProductDependency section */
	};
	rootObject = BA6DAD5028F628C700AA544F /* Project object */;
}
